
Microsoft Visual Studio Solution File, Format Version 12.00
# Visual Studio 2017
Project("{FAE04EC0-301F-11D3-BF4B-00C04F79EFBC}") = "LD38", "LD38.csproj", "{AF0AD536-120C-4195-3CB1-249F911F4476}"
EndProject
Project("{FAE04EC0-301F-11D3-BF4B-00C04F79EFBC}") = "LD38.Editor", "LD38.Editor.csproj", "{9024002F-0A99-9DE3-CA02-2F04A4358C82}"
EndProject
Global
	GlobalSection(SolutionConfigurationPlatforms) = preSolution
		Debug|Any CPU = Debug|Any CPU
		Release|Any CPU = Release|Any CPU
	EndGlobalSection
	GlobalSection(ProjectConfigurationPlatforms) = postSolution
		{AF0AD536-120C-4195-3CB1-249F911F4476}.Debug|Any CPU.ActiveCfg = Debug|Any CPU
		{AF0AD536-120C-4195-3CB1-249F911F4476}.Debug|Any CPU.Build.0 = Debug|Any CPU
		{AF0AD536-120C-4195-3CB1-249F911F4476}.Release|Any CPU.ActiveCfg = Release|Any CPU
		{AF0AD536-120C-4195-3CB1-249F911F4476}.Release|Any CPU.Build.0 = Release|Any CPU
		{9024002F-0A99-9DE3-CA02-2F04A4358C82}.Debug|Any CPU.ActiveCfg = Debug|Any CPU
		{9024002F-0A99-9DE3-CA02-2F04A4358C82}.Debug|Any CPU.Build.0 = Debug|Any CPU
		{9024002F-0A99-9DE3-CA02-2F04A4358C82}.Release|Any CPU.ActiveCfg = Release|Any CPU
		{9024002F-0A99-9DE3-CA02-2F04A4358C82}.Release|Any CPU.Build.0 = Release|Any CPU
	EndGlobalSection
	GlobalSection(SolutionProperties) = preSolution
		HideSolutionNode = FALSE
	EndGlobalSection
EndGlobal
